
Microsoft Visual Studio Solution File, Format Version 12.00
# Visual Studio Version 16
VisualStudioVersion = 16.0.29709.97
MinimumVisualStudioVersion = 10.0.40219.1
Project("{8BC9CEB8-8B4A-11D0-8D11-00A0C91BC942}") = "Project10", "Project10\Project10.vcxproj", "{27907877-8E7D-49B6-B646-065C29A907BE}"
EndProject
Global
	GlobalSection(SolutionConfigurationPlatforms) = preSolution
		Debug|x64 = Debug|x64
		Debug|x86 = Debug|x86
		Release|x64 = Release|x64
		Release|x86 = Release|x86
	EndGlobalSection
	GlobalSection(ProjectConfigurationPlatforms) = postSolution
		{27907877-8E7D-49B6-B646-065C29A907BE}.Debug|x64.ActiveCfg = Debug|x64
		{27907877-8E7D-49B6-B646-065C29A907BE}.Debug|x64.Build.0 = Debug|x64
		{27907877-8E7D-49B6-B646-065C29A907BE}.Debug|x86.ActiveCfg = Debug|Win32
		{27907877-8E7D-49B6-B646-065C29A907BE}.Debug|x86.Build.0 = Debug|Win32
		{27907877-8E7D-49B6-B646-065C29A907BE}.Release|x64.ActiveCfg = Release|x64
		{27907877-8E7D-49B6-B646-065C29A907BE}.Release|x64.Build.0 = Release|x64
		{27907877-8E7D-49B6-B646-065C29A907BE}.Release|x86.ActiveCfg = Release|Win32
		{27907877-8E7D-49B6-B646-065C29A907BE}.Release|x86.Build.0 = Release|Win32
	EndGlobalSection
	GlobalSection(SolutionProperties) = preSolution
		HideSolutionNode = FALSE
	EndGlobalSection
	GlobalSection(ExtensibilityGlobals) = postSolution
		SolutionGuid = {D26AE409-F841-404C-8C51-7D722D95FDC8}
	EndGlobalSection
EndGlobal
